// !$*UTF8*$!
{
	archiveVersion = 1;
	classes = {
	};
	objectVersion = 60;
	objects = {

/* Begin PBXBuildFile section */
		3C25718E2CA9E3AA000507EA /* sound_effect_1.wav in Resources */ = {isa = PBXBuildFile; fileRef = 3C25718D2CA9E3AA000507EA /* sound_effect_1.wav */; };
		3C3FA96B2C7C17F600FADE44 /* FifteenPuzzleApp.swift in Sources */ = {isa = PBXBuildFile; fileRef = 3C3FA96A2C7C17F600FADE44 /* FifteenPuzzleApp.swift */; };
		3C3FA96D2C7C17F600FADE44 /* ContentView.swift in Sources */ = {isa = PBXBuildFile; fileRef = 3C3FA96C2C7C17F600FADE44 /* ContentView.swift */; };
		3C3FA96F2C7C17F700FADE44 /* Assets.xcassets in Resources */ = {isa = PBXBuildFile; fileRef = 3C3FA96E2C7C17F700FADE44 /* Assets.xcassets */; };
		3C3FA9722C7C17F700FADE44 /* Preview Assets.xcassets in Resources */ = {isa = PBXBuildFile; fileRef = 3C3FA9712C7C17F700FADE44 /* Preview Assets.xcassets */; };
		3C3FA97C2C7C17F700FADE44 /* FifteenPuzzleTests.swift in Sources */ = {isa = PBXBuildFile; fileRef = 3C3FA97B2C7C17F700FADE44 /* FifteenPuzzleTests.swift */; };
		3C3FA9862C7C17F700FADE44 /* FifteenPuzzleUITests.swift in Sources */ = {isa = PBXBuildFile; fileRef = 3C3FA9852C7C17F700FADE44 /* FifteenPuzzleUITests.swift */; };
		3C3FA9882C7C17F700FADE44 /* FifteenPuzzleUITestsLaunchTests.swift in Sources */ = {isa = PBXBuildFile; fileRef = 3C3FA9872C7C17F700FADE44 /* FifteenPuzzleUITestsLaunchTests.swift */; };
		3C3FA9CB2C88002B00FADE44 /* GameEngine.swift in Sources */ = {isa = PBXBuildFile; fileRef = 3C3FA9CA2C88002800FADE44 /* GameEngine.swift */; };
/* End PBXBuildFile section */

/* Begin PBXContainerItemProxy section */
		3C3FA9782C7C17F700FADE44 /* PBXContainerItemProxy */ = {
			isa = PBXContainerItemProxy;
			containerPortal = 3C3FA95F2C7C17F600FADE44 /* Project object */;
			proxyType = 1;
			remoteGlobalIDString = 3C3FA9662C7C17F600FADE44;
			remoteInfo = FifteenPuzzle;
		};
		3C3FA9822C7C17F700FADE44 /* PBXContainerItemProxy */ = {
			isa = PBXContainerItemProxy;
			containerPortal = 3C3FA95F2C7C17F600FADE44 /* Project object */;
			proxyType = 1;
			remoteGlobalIDString = 3C3FA9662C7C17F600FADE44;
			remoteInfo = FifteenPuzzle;
		};
/* End PBXContainerItemProxy section */

/* Begin PBXFileReference section */
		3C25718D2CA9E3AA000507EA /* sound_effect_1.wav */ = {isa = PBXFileReference; lastKnownFileType = audio.wav; path = sound_effect_1.wav; sourceTree = "<group>"; };
		3C3FA9672C7C17F600FADE44 /* FifteenPuzzle.app */ = {isa = PBXFileReference; explicitFileType = wrapper.application; includeInIndex = 0; path = FifteenPuzzle.app; sourceTree = BUILT_PRODUCTS_DIR; };
		3C3FA96A2C7C17F600FADE44 /* FifteenPuzzleApp.swift */ = {isa = PBXFileReference; lastKnownFileType = sourcecode.swift; path = FifteenPuzzleApp.swift; sourceTree = "<group>"; };
		3C3FA96C2C7C17F600FADE44 /* ContentView.swift */ = {isa = PBXFileReference; lastKnownFileType = sourcecode.swift; path = ContentView.swift; sourceTree = "<group>"; };
		3C3FA96E2C7C17F700FADE44 /* Assets.xcassets */ = {isa = PBXFileReference; lastKnownFileType = folder.assetcatalog; path = Assets.xcassets; sourceTree = "<group>"; };
		3C3FA9712C7C17F700FADE44 /* Preview Assets.xcassets */ = {isa = PBXFileReference; lastKnownFileType = folder.assetcatalog; path = "Preview Assets.xcassets"; sourceTree = "<group>"; };
		3C3FA9772C7C17F700FADE44 /* FifteenPuzzleTests.xctest */ = {isa = PBXFileReference; explicitFileType = wrapper.cfbundle; includeInIndex = 0; path = FifteenPuzzleTests.xctest; sourceTree = BUILT_PRODUCTS_DIR; };
		3C3FA97B2C7C17F700FADE44 /* FifteenPuzzleTests.swift */ = {isa = PBXFileReference; lastKnownFileType = sourcecode.swift; path = FifteenPuzzleTests.swift; sourceTree = "<group>"; };
		3C3FA9812C7C17F700FADE44 /* FifteenPuzzleUITests.xctest */ = {isa = PBXFileReference; explicitFileType = wrapper.cfbundle; includeInIndex = 0; path = FifteenPuzzleUITests.xctest; sourceTree = BUILT_PRODUCTS_DIR; };
		3C3FA9852C7C17F700FADE44 /* FifteenPuzzleUITests.swift */ = {isa = PBXFileReference; lastKnownFileType = sourcecode.swift; path = FifteenPuzzleUITests.swift; sourceTree = "<group>"; };
		3C3FA9872C7C17F700FADE44 /* FifteenPuzzleUITestsLaunchTests.swift */ = {isa = PBXFileReference; lastKnownFileType = sourcecode.swift; path = FifteenPuzzleUITestsLaunchTests.swift; sourceTree = "<group>"; };
		3C3FA9CA2C88002800FADE44 /* GameEngine.swift */ = {isa = PBXFileReference; lastKnownFileType = sourcecode.swift; path = GameEngine.swift; sourceTree = "<group>"; };
/* End PBXFileReference section */

/* Begin PBXFrameworksBuildPhase section */
		3C3FA9642C7C17F600FADE44 /* Frameworks */ = {
			isa = PBXFrameworksBuildPhase;
			buildActionMask = 2147483647;
			files = (
			);
			runOnlyForDeploymentPostprocessing = 0;
		};
		3C3FA9742C7C17F700FADE44 /* Frameworks */ = {
			isa = PBXFrameworksBuildPhase;
			buildActionMask = 2147483647;
			files = (
			);
			runOnlyForDeploymentPostprocessing = 0;
		};
		3C3FA97E2C7C17F700FADE44 /* Frameworks */ = {
			isa = PBXFrameworksBuildPhase;
			buildActionMask = 2147483647;
			files = (
			);
			runOnlyForDeploymentPostprocessing = 0;
		};
/* End PBXFrameworksBuildPhase section */

/* Begin PBXGroup section */
		3C25718C2CA9DF2F000507EA /* Sounds */ = {
			isa = PBXGroup;
			children = (
				3C25718D2CA9E3AA000507EA /* sound_effect_1.wav */,
			);
			path = Sounds;
			sourceTree = "<group>";
		};
		3C3FA95E2C7C17F600FADE44 = {
			isa = PBXGroup;
			children = (
				3C3FA9692C7C17F600FADE44 /* FifteenPuzzle */,
				3C3FA97A2C7C17F700FADE44 /* FifteenPuzzleTests */,
				3C3FA9842C7C17F700FADE44 /* FifteenPuzzleUITests */,
				3C3FA9682C7C17F600FADE44 /* Products */,
			);
			sourceTree = "<group>";
		};
		3C3FA9682C7C17F600FADE44 /* Products */ = {
			isa = PBXGroup;
			children = (
				3C3FA9672C7C17F600FADE44 /* FifteenPuzzle.app */,
				3C3FA9772C7C17F700FADE44 /* FifteenPuzzleTests.xctest */,
				3C3FA9812C7C17F700FADE44 /* FifteenPuzzleUITests.xctest */,
			);
			name = Products;
			sourceTree = "<group>";
		};
		3C3FA9692C7C17F600FADE44 /* FifteenPuzzle */ = {
			isa = PBXGroup;
			children = (
				3C25718C2CA9DF2F000507EA /* Sounds */,
				3C3FA9CA2C88002800FADE44 /* GameEngine.swift */,
				3C3FA96A2C7C17F600FADE44 /* FifteenPuzzleApp.swift */,
				3C3FA96C2C7C17F600FADE44 /* ContentView.swift */,
				3C3FA96E2C7C17F700FADE44 /* Assets.xcassets */,
				3C3FA9702C7C17F700FADE44 /* Preview Content */,
			);
			path = FifteenPuzzle;
			sourceTree = "<group>";
		};
		3C3FA9702C7C17F700FADE44 /* Preview Content */ = {
			isa = PBXGroup;
			children = (
				3C3FA9712C7C17F700FADE44 /* Preview Assets.xcassets */,
			);
			path = "Preview Content";
			sourceTree = "<group>";
		};
		3C3FA97A2C7C17F700FADE44 /* FifteenPuzzleTests */ = {
			isa = PBXGroup;
			children = (
				3C3FA97B2C7C17F700FADE44 /* FifteenPuzzleTests.swift */,
			);
			path = FifteenPuzzleTests;
			sourceTree = "<group>";
		};
		3C3FA9842C7C17F700FADE44 /* FifteenPuzzleUITests */ = {
			isa = PBXGroup;
			children = (
				3C3FA9852C7C17F700FADE44 /* FifteenPuzzleUITests.swift */,
				3C3FA9872C7C17F700FADE44 /* FifteenPuzzleUITestsLaunchTests.swift */,
			);
			path = FifteenPuzzleUITests;
			sourceTree = "<group>";
		};
/* End PBXGroup section */

/* Begin PBXNativeTarget section */
		3C3FA9662C7C17F600FADE44 /* FifteenPuzzle */ = {
			isa = PBXNativeTarget;
			buildConfigurationList = 3C3FA98B2C7C17F700FADE44 /* Build configuration list for PBXNativeTarget "FifteenPuzzle" */;
			buildPhases = (
				3C3FA9632C7C17F600FADE44 /* Sources */,
				3C3FA9642C7C17F600FADE44 /* Frameworks */,
				3C3FA9652C7C17F600FADE44 /* Resources */,
			);
			buildRules = (
			);
			dependencies = (
			);
			name = FifteenPuzzle;
			productName = FifteenPuzzle;
			productReference = 3C3FA9672C7C17F600FADE44 /* FifteenPuzzle.app */;
			productType = "com.apple.product-type.application";
		};
		3C3FA9762C7C17F700FADE44 /* FifteenPuzzleTests */ = {
			isa = PBXNativeTarget;
			buildConfigurationList = 3C3FA98E2C7C17F700FADE44 /* Build configuration list for PBXNativeTarget "FifteenPuzzleTests" */;
			buildPhases = (
				3C3FA9732C7C17F700FADE44 /* Sources */,
				3C3FA9742C7C17F700FADE44 /* Frameworks */,
				3C3FA9752C7C17F700FADE44 /* Resources */,
			);
			buildRules = (
			);
			dependencies = (
				3C3FA9792C7C17F700FADE44 /* PBXTargetDependency */,
			);
			name = FifteenPuzzleTests;
			productName = FifteenPuzzleTests;
			productReference = 3C3FA9772C7C17F700FADE44 /* FifteenPuzzleTests.xctest */;
			productType = "com.apple.product-type.bundle.unit-test";
		};
		3C3FA9802C7C17F700FADE44 /* FifteenPuzzleUITests */ = {
			isa = PBXNativeTarget;
			buildConfigurationList = 3C3FA9912C7C17F700FADE44 /* Build configuration list for PBXNativeTarget "FifteenPuzzleUITests" */;
			buildPhases = (
				3C3FA97D2C7C17F700FADE44 /* Sources */,
				3C3FA97E2C7C17F700FADE44 /* Frameworks */,
				3C3FA97F2C7C17F700FADE44 /* Resources */,
			);
			buildRules = (
			);
			dependencies = (
				3C3FA9832C7C17F700FADE44 /* PBXTargetDependency */,
			);
			name = FifteenPuzzleUITests;
			productName = FifteenPuzzleUITests;
			productReference = 3C3FA9812C7C17F700FADE44 /* FifteenPuzzleUITests.xctest */;
			productType = "com.apple.product-type.bundle.ui-testing";
		};
/* End PBXNativeTarget section */

/* Begin PBXProject section */
		3C3FA95F2C7C17F600FADE44 /* Project object */ = {
			isa = PBXProject;
			attributes = {
				BuildIndependentTargetsInParallel = 1;
				LastSwiftUpdateCheck = 1600;
				LastUpgradeCheck = 1600;
				TargetAttributes = {
					3C3FA9662C7C17F600FADE44 = {
						CreatedOnToolsVersion = 16.0;
					};
					3C3FA9762C7C17F700FADE44 = {
						CreatedOnToolsVersion = 16.0;
						TestTargetID = 3C3FA9662C7C17F600FADE44;
					};
					3C3FA9802C7C17F700FADE44 = {
						CreatedOnToolsVersion = 16.0;
						TestTargetID = 3C3FA9662C7C17F600FADE44;
					};
				};
			};
			buildConfigurationList = 3C3FA9622C7C17F600FADE44 /* Build configuration list for PBXProject "FifteenPuzzle" */;
			compatibilityVersion = "Xcode 15.0";
			developmentRegion = en;
			hasScannedForEncodings = 0;
			knownRegions = (
				en,
				Base,
			);
			mainGroup = 3C3FA95E2C7C17F600FADE44;
			productRefGroup = 3C3FA9682C7C17F600FADE44 /* Products */;
			projectDirPath = "";
			projectRoot = "";
			targets = (
				3C3FA9662C7C17F600FADE44 /* FifteenPuzzle */,
				3C3FA9762C7C17F700FADE44 /* FifteenPuzzleTests */,
				3C3FA9802C7C17F700FADE44 /* FifteenPuzzleUITests */,
			);
		};
/* End PBXProject section */

/* Begin PBXResourcesBuildPhase section */
		3C3FA9652C7C17F600FADE44 /* Resources */ = {
			isa = PBXResourcesBuildPhase;
			buildActionMask = 2147483647;
			files = (
				3C3FA9722C7C17F700FADE44 /* Preview Assets.xcassets in Resources */,
				3C25718E2CA9E3AA000507EA /* sound_effect_1.wav in Resources */,
				3C3FA96F2C7C17F700FADE44 /* Assets.xcassets in Resources */,
			);
			runOnlyForDeploymentPostprocessing = 0;
		};
		3C3FA9752C7C17F700FADE44 /* Resources */ = {
			isa = PBXResourcesBuildPhase;
			buildActionMask = 2147483647;
			files = (
			);
			runOnlyForDeploymentPostprocessing = 0;
		};
		3C3FA97F2C7C17F700FADE44 /* Resources */ = {
			isa = PBXResourcesBuildPhase;
			buildActionMask = 2147483647;
			files = (
			);
			runOnlyForDeploymentPostprocessing = 0;
		};
/* End PBXResourcesBuildPhase section */

/* Begin PBXSourcesBuildPhase section */
		3C3FA9632C7C17F600FADE44 /* Sources */ = {
			isa = PBXSourcesBuildPhase;
			buildActionMask = 2147483647;
			files = (
				3C3FA9CB2C88002B00FADE44 /* GameEngine.swift in Sources */,
				3C3FA96D2C7C17F600FADE44 /* ContentView.swift in Sources */,
				3C3FA96B2C7C17F600FADE44 /* FifteenPuzzleApp.swift in Sources */,
			);
			runOnlyForDeploymentPostprocessing = 0;
		};
		3C3FA9732C7C17F700FADE44 /* Sources */ = {
			isa = PBXSourcesBuildPhase;
			buildActionMask = 2147483647;
			files = (
				3C3FA97C2C7C17F700FADE44 /* FifteenPuzzleTests.swift in Sources */,
			);
			runOnlyForDeploymentPostprocessing = 0;
		};
		3C3FA97D2C7C17F700FADE44 /* Sources */ = {
			isa = PBXSourcesBuildPhase;
			buildActionMask = 2147483647;
			files = (
				3C3FA9882C7C17F700FADE44 /* FifteenPuzzleUITestsLaunchTests.swift in Sources */,
				3C3FA9862C7C17F700FADE44 /* FifteenPuzzleUITests.swift in Sources */,
			);
			runOnlyForDeploymentPostprocessing = 0;
		};
/* End PBXSourcesBuildPhase section */

/* Begin PBXTargetDependency section */
		3C3FA9792C7C17F700FADE44 /* PBXTargetDependency */ = {
			isa = PBXTargetDependency;
			target = 3C3FA9662C7C17F600FADE44 /* FifteenPuzzle */;
			targetProxy = 3C3FA9782C7C17F700FADE44 /* PBXContainerItemProxy */;
		};
		3C3FA9832C7C17F700FADE44 /* PBXTargetDependency */ = {
			isa = PBXTargetDependency;
			target = 3C3FA9662C7C17F600FADE44 /* FifteenPuzzle */;
			targetProxy = 3C3FA9822C7C17F700FADE44 /* PBXContainerItemProxy */;
		};
/* End PBXTargetDependency section */

/* Begin XCBuildConfiguration section */
		3C3FA9892C7C17F700FADE44 /* Debug */ = {
			isa = XCBuildConfiguration;
			buildSettings = {
				ALWAYS_SEARCH_USER_PATHS = NO;
				ASSETCATALOG_COMPILER_GENERATE_SWIFT_ASSET_SYMBOL_EXTENSIONS = YES;
				CLANG_ANALYZER_NONNULL = YES;
				CLANG_ANALYZER_NUMBER_OBJECT_CONVERSION = YES_AGGRESSIVE;
				CLANG_CXX_LANGUAGE_STANDARD = "gnu++20";
				CLANG_ENABLE_MODULES = YES;
				CLANG_ENABLE_OBJC_ARC = YES;
				CLANG_ENABLE_OBJC_WEAK = YES;
				CLANG_WARN_BLOCK_CAPTURE_AUTORELEASING = YES;
				CLANG_WARN_BOOL_CONVERSION = YES;
				CLANG_WARN_COMMA = YES;
				CLANG_WARN_CONSTANT_CONVERSION = YES;
				CLANG_WARN_DEPRECATED_OBJC_IMPLEMENTATIONS = YES;
				CLANG_WARN_DIRECT_OBJC_ISA_USAGE = YES_ERROR;
				CLANG_WARN_DOCUMENTATION_COMMENTS = YES;
				CLANG_WARN_EMPTY_BODY = YES;
				CLANG_WARN_ENUM_CONVERSION = YES;
				CLANG_WARN_INFINITE_RECURSION = YES;
				CLANG_WARN_INT_CONVERSION = YES;
				CLANG_WARN_NON_LITERAL_NULL_CONVERSION = YES;
				CLANG_WARN_OBJC_IMPLICIT_RETAIN_SELF = YES;
				CLANG_WARN_OBJC_LITERAL_CONVERSION = YES;
				CLANG_WARN_OBJC_ROOT_CLASS = YES_ERROR;
				CLANG_WARN_QUOTED_INCLUDE_IN_FRAMEWORK_HEADER = YES;
				CLANG_WARN_RANGE_LOOP_ANALYSIS = YES;
				CLANG_WARN_STRICT_PROTOTYPES = YES;
				CLANG_WARN_SUSPICIOUS_MOVE = YES;
				CLANG_WARN_UNGUARDED_AVAILABILITY = YES_AGGRESSIVE;
				CLANG_WARN_UNREACHABLE_CODE = YES;
				CLANG_WARN__DUPLICATE_METHOD_MATCH = YES;
				COPY_PHASE_STRIP = NO;
				DEBUG_INFORMATION_FORMAT = dwarf;
				ENABLE_STRICT_OBJC_MSGSEND = YES;
				ENABLE_TESTABILITY = YES;
				ENABLE_USER_SCRIPT_SANDBOXING = YES;
				GCC_C_LANGUAGE_STANDARD = gnu17;
				GCC_DYNAMIC_NO_PIC = NO;
				GCC_NO_COMMON_BLOCKS = YES;
				GCC_OPTIMIZATION_LEVEL = 0;
				GCC_PREPROCESSOR_DEFINITIONS = (
					"DEBUG=1",
					"$(inherited)",
				);
				GCC_WARN_64_TO_32_BIT_CONVERSION = YES;
				GCC_WARN_ABOUT_RETURN_TYPE = YES_ERROR;
				GCC_WARN_UNDECLARED_SELECTOR = YES;
				GCC_WARN_UNINITIALIZED_AUTOS = YES_AGGRESSIVE;
				GCC_WARN_UNUSED_FUNCTION = YES;
				GCC_WARN_UNUSED_VARIABLE = YES;
				IPHONEOS_DEPLOYMENT_TARGET = 18.2;
				LOCALIZATION_PREFERS_STRING_CATALOGS = YES;
				MTL_ENABLE_DEBUG_INFO = INCLUDE_SOURCE;
				MTL_FAST_MATH = YES;
				ONLY_ACTIVE_ARCH = YES;
				SDKROOT = iphoneos;
				SWIFT_ACTIVE_COMPILATION_CONDITIONS = "DEBUG $(inherited)";
				SWIFT_OPTIMIZATION_LEVEL = "-Onone";
			};
			name = Debug;
		};
		3C3FA98A2C7C17F700FADE44 /* Release */ = {
			isa = XCBuildConfiguration;
			buildSettings = {
				ALWAYS_SEARCH_USER_PATHS = NO;
				ASSETCATALOG_COMPILER_GENERATE_SWIFT_ASSET_SYMBOL_EXTENSIONS = YES;
				CLANG_ANALYZER_NONNULL = YES;
				CLANG_ANALYZER_NUMBER_OBJECT_CONVERSION = YES_AGGRESSIVE;
				CLANG_CXX_LANGUAGE_STANDARD = "gnu++20";
				CLANG_ENABLE_MODULES = YES;
				CLANG_ENABLE_OBJC_ARC = YES;
				CLANG_ENABLE_OBJC_WEAK = YES;
				CLANG_WARN_BLOCK_CAPTURE_AUTORELEASING = YES;
				CLANG_WARN_BOOL_CONVERSION = YES;
				CLANG_WARN_COMMA = YES;
				CLANG_WARN_CONSTANT_CONVERSION = YES;
				CLANG_WARN_DEPRECATED_OBJC_IMPLEMENTATIONS = YES;
				CLANG_WARN_DIRECT_OBJC_ISA_USAGE = YES_ERROR;
				CLANG_WARN_DOCUMENTATION_COMMENTS = YES;
				CLANG_WARN_EMPTY_BODY = YES;
				CLANG_WARN_ENUM_CONVERSION = YES;
				CLANG_WARN_INFINITE_RECURSION = YES;
				CLANG_WARN_INT_CONVERSION = YES;
				CLANG_WARN_NON_LITERAL_NULL_CONVERSION = YES;
				CLANG_WARN_OBJC_IMPLICIT_RETAIN_SELF = YES;
				CLANG_WARN_OBJC_LITERAL_CONVERSION = YES;
				CLANG_WARN_OBJC_ROOT_CLASS = YES_ERROR;
				CLANG_WARN_QUOTED_INCLUDE_IN_FRAMEWORK_HEADER = YES;
				CLANG_WARN_RANGE_LOOP_ANALYSIS = YES;
				CLANG_WARN_STRICT_PROTOTYPES = YES;
				CLANG_WARN_SUSPICIOUS_MOVE = YES;
				CLANG_WARN_UNGUARDED_AVAILABILITY = YES_AGGRESSIVE;
				CLANG_WARN_UNREACHABLE_CODE = YES;
				CLANG_WARN__DUPLICATE_METHOD_MATCH = YES;
				COPY_PHASE_STRIP = NO;
				DEBUG_INFORMATION_FORMAT = "dwarf-with-dsym";
				ENABLE_NS_ASSERTIONS = NO;
				ENABLE_STRICT_OBJC_MSGSEND = YES;
				ENABLE_USER_SCRIPT_SANDBOXING = YES;
				GCC_C_LANGUAGE_STANDARD = gnu17;
				GCC_NO_COMMON_BLOCKS = YES;
				GCC_WARN_64_TO_32_BIT_CONVERSION = YES;
				GCC_WARN_ABOUT_RETURN_TYPE = YES_ERROR;
				GCC_WARN_UNDECLARED_SELECTOR = YES;
				GCC_WARN_UNINITIALIZED_AUTOS = YES_AGGRESSIVE;
				GCC_WARN_UNUSED_FUNCTION = YES;
				GCC_WARN_UNUSED_VARIABLE = YES;
				IPHONEOS_DEPLOYMENT_TARGET = 18.2;
				LOCALIZATION_PREFERS_STRING_CATALOGS = YES;
				MTL_ENABLE_DEBUG_INFO = NO;
				MTL_FAST_MATH = YES;
				SDKROOT = iphoneos;
				SWIFT_COMPILATION_MODE = wholemodule;
				VALIDATE_PRODUCT = YES;
			};
			name = Release;
		};
		3C3FA98C2C7C17F700FADE44 /* Debug */ = {
			isa = XCBuildConfiguration;
			buildSettings = {
				ASSETCATALOG_COMPILER_APPICON_NAME = AppIcon;
				ASSETCATALOG_COMPILER_GLOBAL_ACCENT_COLOR_NAME = AccentColor;
				CODE_SIGN_IDENTITY = "Apple Development";
				CODE_SIGN_STYLE = Automatic;
				CURRENT_PROJECT_VERSION = 1;
				DEVELOPMENT_ASSET_PATHS = "\"FifteenPuzzle/Preview Content\"";
				DEVELOPMENT_TEAM = 48RV958CQ7;
				ENABLE_PREVIEWS = YES;
				GENERATE_INFOPLIST_FILE = YES;
				INFOPLIST_KEY_UIApplicationSceneManifest_Generation = YES;
				INFOPLIST_KEY_UIApplicationSupportsIndirectInputEvents = YES;
				INFOPLIST_KEY_UILaunchScreen_Generation = YES;
				INFOPLIST_KEY_UIStatusBarStyle = "";
				INFOPLIST_KEY_UISupportedInterfaceOrientations = UIInterfaceOrientationPortrait;
				IPHONEOS_DEPLOYMENT_TARGET = 18.0;
				LD_RUNPATH_SEARCH_PATHS = (
					"$(inherited)",
					"@executable_path/Frameworks",
				);
				MARKETING_VERSION = 1.0;
				PRODUCT_BUNDLE_IDENTIFIER = com.siddharth.FifteenPuzzle;
				PRODUCT_NAME = "$(TARGET_NAME)";
				PROVISIONING_PROFILE_SPECIFIER = "";
				SWIFT_EMIT_LOC_STRINGS = YES;
				SWIFT_VERSION = 5.0;
				TARGETED_DEVICE_FAMILY = "1,2";
			};
			name = Debug;
		};
		3C3FA98D2C7C17F700FADE44 /* Release */ = {
			isa = XCBuildConfiguration;
			buildSettings = {
				ASSETCATALOG_COMPILER_APPICON_NAME = AppIcon;
				ASSETCATALOG_COMPILER_GLOBAL_ACCENT_COLOR_NAME = AccentColor;
				CODE_SIGN_IDENTITY = "Apple Development";
				CODE_SIGN_STYLE = Automatic;
				CURRENT_PROJECT_VERSION = 1;
				DEVELOPMENT_ASSET_PATHS = "\"FifteenPuzzle/Preview Content\"";
				DEVELOPMENT_TEAM = 48RV958CQ7;
				ENABLE_PREVIEWS = YES;
				GENERATE_INFOPLIST_FILE = YES;
				INFOPLIST_KEY_UIApplicationSceneManifest_Generation = YES;
				INFOPLIST_KEY_UIApplicationSupportsIndirectInputEvents = YES;
				INFOPLIST_KEY_UILaunchScreen_Generation = YES;
				INFOPLIST_KEY_UIStatusBarStyle = "";
				INFOPLIST_KEY_UISupportedInterfaceOrientations = UIInterfaceOrientationPortrait;
				IPHONEOS_DEPLOYMENT_TARGET = 18.0;
				LD_RUNPATH_SEARCH_PATHS = (
					"$(inherited)",
					"@executable_path/Frameworks",
				);
				MARKETING_VERSION = 1.0;
				PRODUCT_BUNDLE_IDENTIFIER = com.siddharth.FifteenPuzzle;
				PRODUCT_NAME = "$(TARGET_NAME)";
				PROVISIONING_PROFILE_SPECIFIER = "";
				SWIFT_EMIT_LOC_STRINGS = YES;
				SWIFT_VERSION = 5.0;
				TARGETED_DEVICE_FAMILY = "1,2";
			};
			name = Release;
		};
		3C3FA98F2C7C17F700FADE44 /* Debug */ = {
			isa = XCBuildConfiguration;
			buildSettings = {
				BUNDLE_LOADER = "$(TEST_HOST)";
				CODE_SIGN_STYLE = Automatic;
				CURRENT_PROJECT_VERSION = 1;
				GENERATE_INFOPLIST_FILE = YES;
				IPHONEOS_DEPLOYMENT_TARGET = 18.2;
				MARKETING_VERSION = 1.0;
				PRODUCT_BUNDLE_IDENTIFIER = com.siddharth.FifteenPuzzleTests;
				PRODUCT_NAME = "$(TARGET_NAME)";
				SWIFT_EMIT_LOC_STRINGS = NO;
				SWIFT_VERSION = 5.0;
				TARGETED_DEVICE_FAMILY = "1,2";
				TEST_HOST = "$(BUILT_PRODUCTS_DIR)/FifteenPuzzle.app/$(BUNDLE_EXECUTABLE_FOLDER_PATH)/FifteenPuzzle";
			};
			name = Debug;
		};
		3C3FA9902C7C17F700FADE44 /* Release */ = {
			isa = XCBuildConfiguration;
			buildSettings = {
				BUNDLE_LOADER = "$(TEST_HOST)";
				CODE_SIGN_STYLE = Automatic;
				CURRENT_PROJECT_VERSION = 1;
				GENERATE_INFOPLIST_FILE = YES;
				IPHONEOS_DEPLOYMENT_TARGET = 18.2;
				MARKETING_VERSION = 1.0;
				PRODUCT_BUNDLE_IDENTIFIER = com.siddharth.FifteenPuzzleTests;
				PRODUCT_NAME = "$(TARGET_NAME)";
				SWIFT_EMIT_LOC_STRINGS = NO;
				SWIFT_VERSION = 5.0;
				TARGETED_DEVICE_FAMILY = "1,2";
				TEST_HOST = "$(BUILT_PRODUCTS_DIR)/FifteenPuzzle.app/$(BUNDLE_EXECUTABLE_FOLDER_PATH)/FifteenPuzzle";
			};
			name = Release;
		};
		3C3FA9922C7C17F700FADE44 /* Debug */ = {
			isa = XCBuildConfiguration;
			buildSettings = {
				CODE_SIGN_STYLE = Automatic;
				CURRENT_PROJECT_VERSION = 1;
				GENERATE_INFOPLIST_FILE = YES;
				MARKETING_VERSION = 1.0;
				PRODUCT_BUNDLE_IDENTIFIER = com.siddharth.FifteenPuzzleUITests;
				PRODUCT_NAME = "$(TARGET_NAME)";
				SWIFT_EMIT_LOC_STRINGS = NO;
				SWIFT_VERSION = 5.0;
				TARGETED_DEVICE_FAMILY = "1,2";
				TEST_TARGET_NAME = FifteenPuzzle;
			};
			name = Debug;
		};
		3C3FA9932C7C17F700FADE44 /* Release */ = {
			isa = XCBuildConfiguration;
			buildSettings = {
				CODE_SIGN_STYLE = Automatic;
				CURRENT_PROJECT_VERSION = 1;
				GENERATE_INFOPLIST_FILE = YES;
				MARKETING_VERSION = 1.0;
				PRODUCT_BUNDLE_IDENTIFIER = com.siddharth.FifteenPuzzleUITests;
				PRODUCT_NAME = "$(TARGET_NAME)";
				SWIFT_EMIT_LOC_STRINGS = NO;
				SWIFT_VERSION = 5.0;
				TARGETED_DEVICE_FAMILY = "1,2";
				TEST_TARGET_NAME = FifteenPuzzle;
			};
			name = Release;
		};
/* End XCBuildConfiguration section */

/* Begin XCConfigurationList section */
		3C3FA9622C7C17F600FADE44 /* Build configuration list for PBXProject "FifteenPuzzle" */ = {
			isa = XCConfigurationList;
			buildConfigurations = (
				3C3FA9892C7C17F700FADE44 /* Debug */,
				3C3FA98A2C7C17F700FADE44 /* Release */,
			);
			defaultConfigurationIsVisible = 0;
			defaultConfigurationName = Release;
		};
		3C3FA98B2C7C17F700FADE44 /* Build configuration list for PBXNativeTarget "FifteenPuzzle" */ = {
			isa = XCConfigurationList;
			buildConfigurations = (
				3C3FA98C2C7C17F700FADE44 /* Debug */,
				3C3FA98D2C7C17F700FADE44 /* Release */,
			);
			defaultConfigurationIsVisible = 0;
			defaultConfigurationName = Release;
		};
		3C3FA98E2C7C17F700FADE44 /* Build configuration list for PBXNativeTarget "FifteenPuzzleTests" */ = {
			isa = XCConfigurationList;
			buildConfigurations = (
				3C3FA98F2C7C17F700FADE44 /* Debug */,
				3C3FA9902C7C17F700FADE44 /* Release */,
			);
			defaultConfigurationIsVisible = 0;
			defaultConfigurationName = Release;
		};
		3C3FA9912C7C17F700FADE44 /* Build configuration list for PBXNativeTarget "FifteenPuzzleUITests" */ = {
			isa = XCConfigurationList;
			buildConfigurations = (
				3C3FA9922C7C17F700FADE44 /* Debug */,
				3C3FA9932C7C17F700FADE44 /* Release */,
			);
			defaultConfigurationIsVisible = 0;
			defaultConfigurationName = Release;
		};
/* End XCConfigurationList section */
	};
	rootObject = 3C3FA95F2C7C17F600FADE44 /* Project object */;
}
