// !$*UTF8*$!
{
	archiveVersion = 1;
	classes = {
	};
	objectVersion = 60;
	objects = {

/* Begin PBXBuildFile section */
		3C6BAC752C8E316F003BA661 /* gridApp.swift in Sources */ = {isa = PBXBuildFile; fileRef = 3C6BAC742C8E316F003BA661 /* gridApp.swift */; };
		3C6BAC772C8E316F003BA661 /* ContentView.swift in Sources */ = {isa = PBXBuildFile; fileRef = 3C6BAC762C8E316F003BA661 /* ContentView.swift */; };
		3C6BAC792C8E3171003BA661 /* Assets.xcassets in Resources */ = {isa = PBXBuildFile; fileRef = 3C6BAC782C8E3171003BA661 /* Assets.xcassets */; };
		3C6BAC7C2C8E3171003BA661 /* Preview Assets.xcassets in Resources */ = {isa = PBXBuildFile; fileRef = 3C6BAC7B2C8E3171003BA661 /* Preview Assets.xcassets */; };
		3C6BAC862C8E3171003BA661 /* gridTests.swift in Sources */ = {isa = PBXBuildFile; fileRef = 3C6BAC852C8E3171003BA661 /* gridTests.swift */; };
		3C6BAC902C8E3171003BA661 /* gridUITests.swift in Sources */ = {isa = PBXBuildFile; fileRef = 3C6BAC8F2C8E3171003BA661 /* gridUITests.swift */; };
		3C6BAC922C8E3171003BA661 /* gridUITestsLaunchTests.swift in Sources */ = {isa = PBXBuildFile; fileRef = 3C6BAC912C8E3171003BA661 /* gridUITestsLaunchTests.swift */; };
/* End PBXBuildFile section */

/* Begin PBXContainerItemProxy section */
		3C6BAC822C8E3171003BA661 /* PBXContainerItemProxy */ = {
			isa = PBXContainerItemProxy;
			containerPortal = 3C6BAC692C8E316F003BA661 /* Project object */;
			proxyType = 1;
			remoteGlobalIDString = 3C6BAC702C8E316F003BA661;
			remoteInfo = grid;
		};
		3C6BAC8C2C8E3171003BA661 /* PBXContainerItemProxy */ = {
			isa = PBXContainerItemProxy;
			containerPortal = 3C6BAC692C8E316F003BA661 /* Project object */;
			proxyType = 1;
			remoteGlobalIDString = 3C6BAC702C8E316F003BA661;
			remoteInfo = grid;
		};
/* End PBXContainerItemProxy section */

/* Begin PBXFileReference section */
		3C6BAC712C8E316F003BA661 /* grid.app */ = {isa = PBXFileReference; explicitFileType = wrapper.application; includeInIndex = 0; path = grid.app; sourceTree = BUILT_PRODUCTS_DIR; };
		3C6BAC742C8E316F003BA661 /* gridApp.swift */ = {isa = PBXFileReference; lastKnownFileType = sourcecode.swift; path = gridApp.swift; sourceTree = "<group>"; };
		3C6BAC762C8E316F003BA661 /* ContentView.swift */ = {isa = PBXFileReference; lastKnownFileType = sourcecode.swift; path = ContentView.swift; sourceTree = "<group>"; };
		3C6BAC782C8E3171003BA661 /* Assets.xcassets */ = {isa = PBXFileReference; lastKnownFileType = folder.assetcatalog; path = Assets.xcassets; sourceTree = "<group>"; };
		3C6BAC7B2C8E3171003BA661 /* Preview Assets.xcassets */ = {isa = PBXFileReference; lastKnownFileType = folder.assetcatalog; path = "Preview Assets.xcassets"; sourceTree = "<group>"; };
		3C6BAC812C8E3171003BA661 /* gridTests.xctest */ = {isa = PBXFileReference; explicitFileType = wrapper.cfbundle; includeInIndex = 0; path = gridTests.xctest; sourceTree = BUILT_PRODUCTS_DIR; };
		3C6BAC852C8E3171003BA661 /* gridTests.swift */ = {isa = PBXFileReference; lastKnownFileType = sourcecode.swift; path = gridTests.swift; sourceTree = "<group>"; };
		3C6BAC8B2C8E3171003BA661 /* gridUITests.xctest */ = {isa = PBXFileReference; explicitFileType = wrapper.cfbundle; includeInIndex = 0; path = gridUITests.xctest; sourceTree = BUILT_PRODUCTS_DIR; };
		3C6BAC8F2C8E3171003BA661 /* gridUITests.swift */ = {isa = PBXFileReference; lastKnownFileType = sourcecode.swift; path = gridUITests.swift; sourceTree = "<group>"; };
		3C6BAC912C8E3171003BA661 /* gridUITestsLaunchTests.swift */ = {isa = PBXFileReference; lastKnownFileType = sourcecode.swift; path = gridUITestsLaunchTests.swift; sourceTree = "<group>"; };
/* End PBXFileReference section */

/* Begin PBXFrameworksBuildPhase section */
		3C6BAC6E2C8E316F003BA661 /* Frameworks */ = {
			isa = PBXFrameworksBuildPhase;
			buildActionMask = 2147483647;
			files = (
			);
			runOnlyForDeploymentPostprocessing = 0;
		};
		3C6BAC7E2C8E3171003BA661 /* Frameworks */ = {
			isa = PBXFrameworksBuildPhase;
			buildActionMask = 2147483647;
			files = (
			);
			runOnlyForDeploymentPostprocessing = 0;
		};
		3C6BAC882C8E3171003BA661 /* Frameworks */ = {
			isa = PBXFrameworksBuildPhase;
			buildActionMask = 2147483647;
			files = (
			);
			runOnlyForDeploymentPostprocessing = 0;
		};
/* End PBXFrameworksBuildPhase section */

/* Begin PBXGroup section */
		3C6BAC682C8E316F003BA661 = {
			isa = PBXGroup;
			children = (
				3C6BAC732C8E316F003BA661 /* grid */,
				3C6BAC842C8E3171003BA661 /* gridTests */,
				3C6BAC8E2C8E3171003BA661 /* gridUITests */,
				3C6BAC722C8E316F003BA661 /* Products */,
			);
			sourceTree = "<group>";
		};
		3C6BAC722C8E316F003BA661 /* Products */ = {
			isa = PBXGroup;
			children = (
				3C6BAC712C8E316F003BA661 /* grid.app */,
				3C6BAC812C8E3171003BA661 /* gridTests.xctest */,
				3C6BAC8B2C8E3171003BA661 /* gridUITests.xctest */,
			);
			name = Products;
			sourceTree = "<group>";
		};
		3C6BAC732C8E316F003BA661 /* grid */ = {
			isa = PBXGroup;
			children = (
				3C6BAC742C8E316F003BA661 /* gridApp.swift */,
				3C6BAC762C8E316F003BA661 /* ContentView.swift */,
				3C6BAC782C8E3171003BA661 /* Assets.xcassets */,
				3C6BAC7A2C8E3171003BA661 /* Preview Content */,
			);
			path = grid;
			sourceTree = "<group>";
		};
		3C6BAC7A2C8E3171003BA661 /* Preview Content */ = {
			isa = PBXGroup;
			children = (
				3C6BAC7B2C8E3171003BA661 /* Preview Assets.xcassets */,
			);
			path = "Preview Content";
			sourceTree = "<group>";
		};
		3C6BAC842C8E3171003BA661 /* gridTests */ = {
			isa = PBXGroup;
			children = (
				3C6BAC852C8E3171003BA661 /* gridTests.swift */,
			);
			path = gridTests;
			sourceTree = "<group>";
		};
		3C6BAC8E2C8E3171003BA661 /* gridUITests */ = {
			isa = PBXGroup;
			children = (
				3C6BAC8F2C8E3171003BA661 /* gridUITests.swift */,
				3C6BAC912C8E3171003BA661 /* gridUITestsLaunchTests.swift */,
			);
			path = gridUITests;
			sourceTree = "<group>";
		};
/* End PBXGroup section */

/* Begin PBXNativeTarget section */
		3C6BAC702C8E316F003BA661 /* grid */ = {
			isa = PBXNativeTarget;
			buildConfigurationList = 3C6BAC952C8E3171003BA661 /* Build configuration list for PBXNativeTarget "grid" */;
			buildPhases = (
				3C6BAC6D2C8E316F003BA661 /* Sources */,
				3C6BAC6E2C8E316F003BA661 /* Frameworks */,
				3C6BAC6F2C8E316F003BA661 /* Resources */,
			);
			buildRules = (
			);
			dependencies = (
			);
			name = grid;
			productName = grid;
			productReference = 3C6BAC712C8E316F003BA661 /* grid.app */;
			productType = "com.apple.product-type.application";
		};
		3C6BAC802C8E3171003BA661 /* gridTests */ = {
			isa = PBXNativeTarget;
			buildConfigurationList = 3C6BAC982C8E3171003BA661 /* Build configuration list for PBXNativeTarget "gridTests" */;
			buildPhases = (
				3C6BAC7D2C8E3171003BA661 /* Sources */,
				3C6BAC7E2C8E3171003BA661 /* Frameworks */,
				3C6BAC7F2C8E3171003BA661 /* Resources */,
			);
			buildRules = (
			);
			dependencies = (
				3C6BAC832C8E3171003BA661 /* PBXTargetDependency */,
			);
			name = gridTests;
			productName = gridTests;
			productReference = 3C6BAC812C8E3171003BA661 /* gridTests.xctest */;
			productType = "com.apple.product-type.bundle.unit-test";
		};
		3C6BAC8A2C8E3171003BA661 /* gridUITests */ = {
			isa = PBXNativeTarget;
			buildConfigurationList = 3C6BAC9B2C8E3171003BA661 /* Build configuration list for PBXNativeTarget "gridUITests" */;
			buildPhases = (
				3C6BAC872C8E3171003BA661 /* Sources */,
				3C6BAC882C8E3171003BA661 /* Frameworks */,
				3C6BAC892C8E3171003BA661 /* Resources */,
			);
			buildRules = (
			);
			dependencies = (
				3C6BAC8D2C8E3171003BA661 /* PBXTargetDependency */,
			);
			name = gridUITests;
			productName = gridUITests;
			productReference = 3C6BAC8B2C8E3171003BA661 /* gridUITests.xctest */;
			productType = "com.apple.product-type.bundle.ui-testing";
		};
/* End PBXNativeTarget section */

/* Begin PBXProject section */
		3C6BAC692C8E316F003BA661 /* Project object */ = {
			isa = PBXProject;
			attributes = {
				BuildIndependentTargetsInParallel = 1;
				LastSwiftUpdateCheck = 1600;
				LastUpgradeCheck = 1600;
				TargetAttributes = {
					3C6BAC702C8E316F003BA661 = {
						CreatedOnToolsVersion = 16.0;
					};
					3C6BAC802C8E3171003BA661 = {
						CreatedOnToolsVersion = 16.0;
						TestTargetID = 3C6BAC702C8E316F003BA661;
					};
					3C6BAC8A2C8E3171003BA661 = {
						CreatedOnToolsVersion = 16.0;
						TestTargetID = 3C6BAC702C8E316F003BA661;
					};
				};
			};
			buildConfigurationList = 3C6BAC6C2C8E316F003BA661 /* Build configuration list for PBXProject "grid" */;
			compatibilityVersion = "Xcode 15.0";
			developmentRegion = en;
			hasScannedForEncodings = 0;
			knownRegions = (
				en,
				Base,
			);
			mainGroup = 3C6BAC682C8E316F003BA661;
			productRefGroup = 3C6BAC722C8E316F003BA661 /* Products */;
			projectDirPath = "";
			projectRoot = "";
			targets = (
				3C6BAC702C8E316F003BA661 /* grid */,
				3C6BAC802C8E3171003BA661 /* gridTests */,
				3C6BAC8A2C8E3171003BA661 /* gridUITests */,
			);
		};
/* End PBXProject section */

/* Begin PBXResourcesBuildPhase section */
		3C6BAC6F2C8E316F003BA661 /* Resources */ = {
			isa = PBXResourcesBuildPhase;
			buildActionMask = 2147483647;
			files = (
				3C6BAC7C2C8E3171003BA661 /* Preview Assets.xcassets in Resources */,
				3C6BAC792C8E3171003BA661 /* Assets.xcassets in Resources */,
			);
			runOnlyForDeploymentPostprocessing = 0;
		};
		3C6BAC7F2C8E3171003BA661 /* Resources */ = {
			isa = PBXResourcesBuildPhase;
			buildActionMask = 2147483647;
			files = (
			);
			runOnlyForDeploymentPostprocessing = 0;
		};
		3C6BAC892C8E3171003BA661 /* Resources */ = {
			isa = PBXResourcesBuildPhase;
			buildActionMask = 2147483647;
			files = (
			);
			runOnlyForDeploymentPostprocessing = 0;
		};
/* End PBXResourcesBuildPhase section */

/* Begin PBXSourcesBuildPhase section */
		3C6BAC6D2C8E316F003BA661 /* Sources */ = {
			isa = PBXSourcesBuildPhase;
			buildActionMask = 2147483647;
			files = (
				3C6BAC772C8E316F003BA661 /* ContentView.swift in Sources */,
				3C6BAC752C8E316F003BA661 /* gridApp.swift in Sources */,
			);
			runOnlyForDeploymentPostprocessing = 0;
		};
		3C6BAC7D2C8E3171003BA661 /* Sources */ = {
			isa = PBXSourcesBuildPhase;
			buildActionMask = 2147483647;
			files = (
				3C6BAC862C8E3171003BA661 /* gridTests.swift in Sources */,
			);
			runOnlyForDeploymentPostprocessing = 0;
		};
		3C6BAC872C8E3171003BA661 /* Sources */ = {
			isa = PBXSourcesBuildPhase;
			buildActionMask = 2147483647;
			files = (
				3C6BAC922C8E3171003BA661 /* gridUITestsLaunchTests.swift in Sources */,
				3C6BAC902C8E3171003BA661 /* gridUITests.swift in Sources */,
			);
			runOnlyForDeploymentPostprocessing = 0;
		};
/* End PBXSourcesBuildPhase section */

/* Begin PBXTargetDependency section */
		3C6BAC832C8E3171003BA661 /* PBXTargetDependency */ = {
			isa = PBXTargetDependency;
			target = 3C6BAC702C8E316F003BA661 /* grid */;
			targetProxy = 3C6BAC822C8E3171003BA661 /* PBXContainerItemProxy */;
		};
		3C6BAC8D2C8E3171003BA661 /* PBXTargetDependency */ = {
			isa = PBXTargetDependency;
			target = 3C6BAC702C8E316F003BA661 /* grid */;
			targetProxy = 3C6BAC8C2C8E3171003BA661 /* PBXContainerItemProxy */;
		};
/* End PBXTargetDependency section */

/* Begin XCBuildConfiguration section */
		3C6BAC932C8E3171003BA661 /* Debug */ = {
			isa = XCBuildConfiguration;
			buildSettings = {
				ALWAYS_SEARCH_USER_PATHS = NO;
				ASSETCATALOG_COMPILER_GENERATE_SWIFT_ASSET_SYMBOL_EXTENSIONS = YES;
				CLANG_ANALYZER_NONNULL = YES;
				CLANG_ANALYZER_NUMBER_OBJECT_CONVERSION = YES_AGGRESSIVE;
				CLANG_CXX_LANGUAGE_STANDARD = "gnu++20";
				CLANG_ENABLE_MODULES = YES;
				CLANG_ENABLE_OBJC_ARC = YES;
				CLANG_ENABLE_OBJC_WEAK = YES;
				CLANG_WARN_BLOCK_CAPTURE_AUTORELEASING = YES;
				CLANG_WARN_BOOL_CONVERSION = YES;
				CLANG_WARN_COMMA = YES;
				CLANG_WARN_CONSTANT_CONVERSION = YES;
				CLANG_WARN_DEPRECATED_OBJC_IMPLEMENTATIONS = YES;
				CLANG_WARN_DIRECT_OBJC_ISA_USAGE = YES_ERROR;
				CLANG_WARN_DOCUMENTATION_COMMENTS = YES;
				CLANG_WARN_EMPTY_BODY = YES;
				CLANG_WARN_ENUM_CONVERSION = YES;
				CLANG_WARN_INFINITE_RECURSION = YES;
				CLANG_WARN_INT_CONVERSION = YES;
				CLANG_WARN_NON_LITERAL_NULL_CONVERSION = YES;
				CLANG_WARN_OBJC_IMPLICIT_RETAIN_SELF = YES;
				CLANG_WARN_OBJC_LITERAL_CONVERSION = YES;
				CLANG_WARN_OBJC_ROOT_CLASS = YES_ERROR;
				CLANG_WARN_QUOTED_INCLUDE_IN_FRAMEWORK_HEADER = YES;
				CLANG_WARN_RANGE_LOOP_ANALYSIS = YES;
				CLANG_WARN_STRICT_PROTOTYPES = YES;
				CLANG_WARN_SUSPICIOUS_MOVE = YES;
				CLANG_WARN_UNGUARDED_AVAILABILITY = YES_AGGRESSIVE;
				CLANG_WARN_UNREACHABLE_CODE = YES;
				CLANG_WARN__DUPLICATE_METHOD_MATCH = YES;
				COPY_PHASE_STRIP = NO;
				DEBUG_INFORMATION_FORMAT = dwarf;
				ENABLE_STRICT_OBJC_MSGSEND = YES;
				ENABLE_TESTABILITY = YES;
				ENABLE_USER_SCRIPT_SANDBOXING = YES;
				GCC_C_LANGUAGE_STANDARD = gnu17;
				GCC_DYNAMIC_NO_PIC = NO;
				GCC_NO_COMMON_BLOCKS = YES;
				GCC_OPTIMIZATION_LEVEL = 0;
				GCC_PREPROCESSOR_DEFINITIONS = (
					"DEBUG=1",
					"$(inherited)",
				);
				GCC_WARN_64_TO_32_BIT_CONVERSION = YES;
				GCC_WARN_ABOUT_RETURN_TYPE = YES_ERROR;
				GCC_WARN_UNDECLARED_SELECTOR = YES;
				GCC_WARN_UNINITIALIZED_AUTOS = YES_AGGRESSIVE;
				GCC_WARN_UNUSED_FUNCTION = YES;
				GCC_WARN_UNUSED_VARIABLE = YES;
				IPHONEOS_DEPLOYMENT_TARGET = 18.0;
				LOCALIZATION_PREFERS_STRING_CATALOGS = YES;
				MTL_ENABLE_DEBUG_INFO = INCLUDE_SOURCE;
				MTL_FAST_MATH = YES;
				ONLY_ACTIVE_ARCH = YES;
				SDKROOT = iphoneos;
				SWIFT_ACTIVE_COMPILATION_CONDITIONS = "DEBUG $(inherited)";
				SWIFT_OPTIMIZATION_LEVEL = "-Onone";
			};
			name = Debug;
		};
		3C6BAC942C8E3171003BA661 /* Release */ = {
			isa = XCBuildConfiguration;
			buildSettings = {
				ALWAYS_SEARCH_USER_PATHS = NO;
				ASSETCATALOG_COMPILER_GENERATE_SWIFT_ASSET_SYMBOL_EXTENSIONS = YES;
				CLANG_ANALYZER_NONNULL = YES;
				CLANG_ANALYZER_NUMBER_OBJECT_CONVERSION = YES_AGGRESSIVE;
				CLANG_CXX_LANGUAGE_STANDARD = "gnu++20";
				CLANG_ENABLE_MODULES = YES;
				CLANG_ENABLE_OBJC_ARC = YES;
				CLANG_ENABLE_OBJC_WEAK = YES;
				CLANG_WARN_BLOCK_CAPTURE_AUTORELEASING = YES;
				CLANG_WARN_BOOL_CONVERSION = YES;
				CLANG_WARN_COMMA = YES;
				CLANG_WARN_CONSTANT_CONVERSION = YES;
				CLANG_WARN_DEPRECATED_OBJC_IMPLEMENTATIONS = YES;
				CLANG_WARN_DIRECT_OBJC_ISA_USAGE = YES_ERROR;
				CLANG_WARN_DOCUMENTATION_COMMENTS = YES;
				CLANG_WARN_EMPTY_BODY = YES;
				CLANG_WARN_ENUM_CONVERSION = YES;
				CLANG_WARN_INFINITE_RECURSION = YES;
				CLANG_WARN_INT_CONVERSION = YES;
				CLANG_WARN_NON_LITERAL_NULL_CONVERSION = YES;
				CLANG_WARN_OBJC_IMPLICIT_RETAIN_SELF = YES;
				CLANG_WARN_OBJC_LITERAL_CONVERSION = YES;
				CLANG_WARN_OBJC_ROOT_CLASS = YES_ERROR;
				CLANG_WARN_QUOTED_INCLUDE_IN_FRAMEWORK_HEADER = YES;
				CLANG_WARN_RANGE_LOOP_ANALYSIS = YES;
				CLANG_WARN_STRICT_PROTOTYPES = YES;
				CLANG_WARN_SUSPICIOUS_MOVE = YES;
				CLANG_WARN_UNGUARDED_AVAILABILITY = YES_AGGRESSIVE;
				CLANG_WARN_UNREACHABLE_CODE = YES;
				CLANG_WARN__DUPLICATE_METHOD_MATCH = YES;
				COPY_PHASE_STRIP = NO;
				DEBUG_INFORMATION_FORMAT = "dwarf-with-dsym";
				ENABLE_NS_ASSERTIONS = NO;
				ENABLE_STRICT_OBJC_MSGSEND = YES;
				ENABLE_USER_SCRIPT_SANDBOXING = YES;
				GCC_C_LANGUAGE_STANDARD = gnu17;
				GCC_NO_COMMON_BLOCKS = YES;
				GCC_WARN_64_TO_32_BIT_CONVERSION = YES;
				GCC_WARN_ABOUT_RETURN_TYPE = YES_ERROR;
				GCC_WARN_UNDECLARED_SELECTOR = YES;
				GCC_WARN_UNINITIALIZED_AUTOS = YES_AGGRESSIVE;
				GCC_WARN_UNUSED_FUNCTION = YES;
				GCC_WARN_UNUSED_VARIABLE = YES;
				IPHONEOS_DEPLOYMENT_TARGET = 18.0;
				LOCALIZATION_PREFERS_STRING_CATALOGS = YES;
				MTL_ENABLE_DEBUG_INFO = NO;
				MTL_FAST_MATH = YES;
				SDKROOT = iphoneos;
				SWIFT_COMPILATION_MODE = wholemodule;
				VALIDATE_PRODUCT = YES;
			};
			name = Release;
		};
		3C6BAC962C8E3171003BA661 /* Debug */ = {
			isa = XCBuildConfiguration;
			buildSettings = {
				ASSETCATALOG_COMPILER_APPICON_NAME = AppIcon;
				ASSETCATALOG_COMPILER_GLOBAL_ACCENT_COLOR_NAME = AccentColor;
				CODE_SIGN_STYLE = Automatic;
				CURRENT_PROJECT_VERSION = 1;
				DEVELOPMENT_ASSET_PATHS = "\"grid/Preview Content\"";
				DEVELOPMENT_TEAM = 3RNF599TF9;
				ENABLE_PREVIEWS = YES;
				GENERATE_INFOPLIST_FILE = YES;
				INFOPLIST_KEY_UIApplicationSceneManifest_Generation = YES;
				INFOPLIST_KEY_UIApplicationSupportsIndirectInputEvents = YES;
				INFOPLIST_KEY_UILaunchScreen_Generation = YES;
				INFOPLIST_KEY_UISupportedInterfaceOrientations_iPad = "UIInterfaceOrientationPortrait UIInterfaceOrientationPortraitUpsideDown UIInterfaceOrientationLandscapeLeft UIInterfaceOrientationLandscapeRight";
				INFOPLIST_KEY_UISupportedInterfaceOrientations_iPhone = "UIInterfaceOrientationPortrait UIInterfaceOrientationLandscapeLeft UIInterfaceOrientationLandscapeRight";
				LD_RUNPATH_SEARCH_PATHS = (
					"$(inherited)",
					"@executable_path/Frameworks",
				);
				MARKETING_VERSION = 1.0;
				PRODUCT_BUNDLE_IDENTIFIER = com.test.grid;
				PRODUCT_NAME = "$(TARGET_NAME)";
				SWIFT_EMIT_LOC_STRINGS = YES;
				SWIFT_VERSION = 5.0;
				TARGETED_DEVICE_FAMILY = "1,2";
			};
			name = Debug;
		};
		3C6BAC972C8E3171003BA661 /* Release */ = {
			isa = XCBuildConfiguration;
			buildSettings = {
				ASSETCATALOG_COMPILER_APPICON_NAME = AppIcon;
				ASSETCATALOG_COMPILER_GLOBAL_ACCENT_COLOR_NAME = AccentColor;
				CODE_SIGN_STYLE = Automatic;
				CURRENT_PROJECT_VERSION = 1;
				DEVELOPMENT_ASSET_PATHS = "\"grid/Preview Content\"";
				DEVELOPMENT_TEAM = 3RNF599TF9;
				ENABLE_PREVIEWS = YES;
				GENERATE_INFOPLIST_FILE = YES;
				INFOPLIST_KEY_UIApplicationSceneManifest_Generation = YES;
				INFOPLIST_KEY_UIApplicationSupportsIndirectInputEvents = YES;
				INFOPLIST_KEY_UILaunchScreen_Generation = YES;
				INFOPLIST_KEY_UISupportedInterfaceOrientations_iPad = "UIInterfaceOrientationPortrait UIInterfaceOrientationPortraitUpsideDown UIInterfaceOrientationLandscapeLeft UIInterfaceOrientationLandscapeRight";
				INFOPLIST_KEY_UISupportedInterfaceOrientations_iPhone = "UIInterfaceOrientationPortrait UIInterfaceOrientationLandscapeLeft UIInterfaceOrientationLandscapeRight";
				LD_RUNPATH_SEARCH_PATHS = (
					"$(inherited)",
					"@executable_path/Frameworks",
				);
				MARKETING_VERSION = 1.0;
				PRODUCT_BUNDLE_IDENTIFIER = com.test.grid;
				PRODUCT_NAME = "$(TARGET_NAME)";
				SWIFT_EMIT_LOC_STRINGS = YES;
				SWIFT_VERSION = 5.0;
				TARGETED_DEVICE_FAMILY = "1,2";
			};
			name = Release;
		};
		3C6BAC992C8E3171003BA661 /* Debug */ = {
			isa = XCBuildConfiguration;
			buildSettings = {
				BUNDLE_LOADER = "$(TEST_HOST)";
				CODE_SIGN_STYLE = Automatic;
				CURRENT_PROJECT_VERSION = 1;
				DEVELOPMENT_TEAM = 3RNF599TF9;
				GENERATE_INFOPLIST_FILE = YES;
				IPHONEOS_DEPLOYMENT_TARGET = 18.0;
				MARKETING_VERSION = 1.0;
				PRODUCT_BUNDLE_IDENTIFIER = com.test.gridTests;
				PRODUCT_NAME = "$(TARGET_NAME)";
				SWIFT_EMIT_LOC_STRINGS = NO;
				SWIFT_VERSION = 5.0;
				TARGETED_DEVICE_FAMILY = "1,2";
				TEST_HOST = "$(BUILT_PRODUCTS_DIR)/grid.app/$(BUNDLE_EXECUTABLE_FOLDER_PATH)/grid";
			};
			name = Debug;
		};
		3C6BAC9A2C8E3171003BA661 /* Release */ = {
			isa = XCBuildConfiguration;
			buildSettings = {
				BUNDLE_LOADER = "$(TEST_HOST)";
				CODE_SIGN_STYLE = Automatic;
				CURRENT_PROJECT_VERSION = 1;
				DEVELOPMENT_TEAM = 3RNF599TF9;
				GENERATE_INFOPLIST_FILE = YES;
				IPHONEOS_DEPLOYMENT_TARGET = 18.0;
				MARKETING_VERSION = 1.0;
				PRODUCT_BUNDLE_IDENTIFIER = com.test.gridTests;
				PRODUCT_NAME = "$(TARGET_NAME)";
				SWIFT_EMIT_LOC_STRINGS = NO;
				SWIFT_VERSION = 5.0;
				TARGETED_DEVICE_FAMILY = "1,2";
				TEST_HOST = "$(BUILT_PRODUCTS_DIR)/grid.app/$(BUNDLE_EXECUTABLE_FOLDER_PATH)/grid";
			};
			name = Release;
		};
		3C6BAC9C2C8E3171003BA661 /* Debug */ = {
			isa = XCBuildConfiguration;
			buildSettings = {
				CODE_SIGN_STYLE = Automatic;
				CURRENT_PROJECT_VERSION = 1;
				DEVELOPMENT_TEAM = 3RNF599TF9;
				GENERATE_INFOPLIST_FILE = YES;
				MARKETING_VERSION = 1.0;
				PRODUCT_BUNDLE_IDENTIFIER = com.test.gridUITests;
				PRODUCT_NAME = "$(TARGET_NAME)";
				SWIFT_EMIT_LOC_STRINGS = NO;
				SWIFT_VERSION = 5.0;
				TARGETED_DEVICE_FAMILY = "1,2";
				TEST_TARGET_NAME = grid;
			};
			name = Debug;
		};
		3C6BAC9D2C8E3171003BA661 /* Release */ = {
			isa = XCBuildConfiguration;
			buildSettings = {
				CODE_SIGN_STYLE = Automatic;
				CURRENT_PROJECT_VERSION = 1;
				DEVELOPMENT_TEAM = 3RNF599TF9;
				GENERATE_INFOPLIST_FILE = YES;
				MARKETING_VERSION = 1.0;
				PRODUCT_BUNDLE_IDENTIFIER = com.test.gridUITests;
				PRODUCT_NAME = "$(TARGET_NAME)";
				SWIFT_EMIT_LOC_STRINGS = NO;
				SWIFT_VERSION = 5.0;
				TARGETED_DEVICE_FAMILY = "1,2";
				TEST_TARGET_NAME = grid;
			};
			name = Release;
		};
/* End XCBuildConfiguration section */

/* Begin XCConfigurationList section */
		3C6BAC6C2C8E316F003BA661 /* Build configuration list for PBXProject "grid" */ = {
			isa = XCConfigurationList;
			buildConfigurations = (
				3C6BAC932C8E3171003BA661 /* Debug */,
				3C6BAC942C8E3171003BA661 /* Release */,
			);
			defaultConfigurationIsVisible = 0;
			defaultConfigurationName = Release;
		};
		3C6BAC952C8E3171003BA661 /* Build configuration list for PBXNativeTarget "grid" */ = {
			isa = XCConfigurationList;
			buildConfigurations = (
				3C6BAC962C8E3171003BA661 /* Debug */,
				3C6BAC972C8E3171003BA661 /* Release */,
			);
			defaultConfigurationIsVisible = 0;
			defaultConfigurationName = Release;
		};
		3C6BAC982C8E3171003BA661 /* Build configuration list for PBXNativeTarget "gridTests" */ = {
			isa = XCConfigurationList;
			buildConfigurations = (
				3C6BAC992C8E3171003BA661 /* Debug */,
				3C6BAC9A2C8E3171003BA661 /* Release */,
			);
			defaultConfigurationIsVisible = 0;
			defaultConfigurationName = Release;
		};
		3C6BAC9B2C8E3171003BA661 /* Build configuration list for PBXNativeTarget "gridUITests" */ = {
			isa = XCConfigurationList;
			buildConfigurations = (
				3C6BAC9C2C8E3171003BA661 /* Debug */,
				3C6BAC9D2C8E3171003BA661 /* Release */,
			);
			defaultConfigurationIsVisible = 0;
			defaultConfigurationName = Release;
		};
/* End XCConfigurationList section */
	};
	rootObject = 3C6BAC692C8E316F003BA661 /* Project object */;
}
